
Microsoft Visual Studio Solution File, Format Version 12.00
# Visual Studio Version 17
VisualStudioVersion = 17.12.35527.113 d17.12
MinimumVisualStudioVersion = 10.0.40219.1
Project("{FAE04EC0-301F-11D3-BF4B-00C04F79EFBC}") = "FugyunFolderCreatorForReact.Server", "FugyunFolderCreatorForReact.Server\FugyunFolderCreatorForReact.Server.csproj", "{A8F61956-1637-48B4-924E-B5CA9986974A}"
EndProject
Project("{54A90642-561A-4BB1-A94E-469ADEE60C69}") = "fugyunfoldercreatorforreact.client", "fugyunfoldercreatorforreact.client\fugyunfoldercreatorforreact.client.esproj", "{DDAC0FE8-813D-4B89-99C8-CA2E0E55E526}"
EndProject
Global
	GlobalSection(SolutionConfigurationPlatforms) = preSolution
		Debug|Any CPU = Debug|Any CPU
		Release|Any CPU = Release|Any CPU
	EndGlobalSection
	GlobalSection(ProjectConfigurationPlatforms) = postSolution
		{A8F61956-1637-48B4-924E-B5CA9986974A}.Debug|Any CPU.ActiveCfg = Debug|Any CPU
		{A8F61956-1637-48B4-924E-B5CA9986974A}.Debug|Any CPU.Build.0 = Debug|Any CPU
		{A8F61956-1637-48B4-924E-B5CA9986974A}.Release|Any CPU.ActiveCfg = Release|Any CPU
		{A8F61956-1637-48B4-924E-B5CA9986974A}.Release|Any CPU.Build.0 = Release|Any CPU
		{DDAC0FE8-813D-4B89-99C8-CA2E0E55E526}.Debug|Any CPU.ActiveCfg = Debug|Any CPU
		{DDAC0FE8-813D-4B89-99C8-CA2E0E55E526}.Debug|Any CPU.Build.0 = Debug|Any CPU
		{DDAC0FE8-813D-4B89-99C8-CA2E0E55E526}.Debug|Any CPU.Deploy.0 = Debug|Any CPU
		{DDAC0FE8-813D-4B89-99C8-CA2E0E55E526}.Release|Any CPU.ActiveCfg = Release|Any CPU
		{DDAC0FE8-813D-4B89-99C8-CA2E0E55E526}.Release|Any CPU.Build.0 = Release|Any CPU
		{DDAC0FE8-813D-4B89-99C8-CA2E0E55E526}.Release|Any CPU.Deploy.0 = Release|Any CPU
	EndGlobalSection
	GlobalSection(SolutionProperties) = preSolution
		HideSolutionNode = FALSE
	EndGlobalSection
EndGlobal
